[[package]]
name = "colorama"
version = "0.4.4"
description = "Cross-platform colored terminal text."
category = "main"
optional = false
python-versions = ">=2.7, !=3.0.*, !=3.1.*, !=3.2.*, !=3.3.*, !=3.4.*"

[[package]]
name = "noise"
version = "1.2.2"
description = "Perlin noise for Python"
category = "main"
optional = false
python-versions = "*"

[[package]]
name = "pydub"
version = "0.25.1"
description = "Manipulate audio with an simple and easy high level interface"
category = "main"
optional = false
python-versions = "*"

[metadata]
lock-version = "1.1"
python-versions = "^3.8"
content-hash = "a529560915b1b2ba84b15c502d8e5ad17200203b85e2f32b59b9d0a96947720b"

[metadata.files]
colorama = [
    {file = "colorama-0.4.4-py2.py3-none-any.whl", hash = "sha256:9f47eda37229f68eee03b24b9748937c7dc3868f906e8ba69fbcbdd3bc5dc3e2"},
    {file = "colorama-0.4.4.tar.gz", hash = "sha256:5941b2b48a20143d2267e95b1c2a7603ce057ee39fd88e7329b0c292aa16869b"},
]
noise = [
    {file = "noise-1.2.2-cp27-none-win32.whl", hash = "sha256:f7ef26a4c334224e7763e740fc945c26c0abf9ba51a19d4f5befa1d20d7da0b7"},
    {file = "noise-1.2.2-cp27-none-win_amd64.whl", hash = "sha256:15582a58c9ee79b07436a1220bd6c4145266865262d1e6478d37a08b7d910da8"},
    {file = "noise-1.2.2-cp33-none-win32.whl", hash = "sha256:93ac2977cf0e8f5cb90a2e828a5dfefc438bfb1fb8d7fd1ee305f05eadc8578e"},
    {file = "noise-1.2.2-cp33-none-win_amd64.whl", hash = "sha256:20d1c89a2b8c3714abe5a5fa653b3ab9ab01aee1475993b8bdb9d5e26bc081cc"},
    {file = "noise-1.2.2-cp34-none-win32.whl", hash = "sha256:f82933563ef89651865cc7cbfab11721a2229f5c6c8c009a041be4fb887949f2"},
    {file = "noise-1.2.2-cp34-none-win_amd64.whl", hash = "sha256:065be3531a6b7a7dfcb6840646400a75e081511c524caa04feaea11e16e7ab24"},
    {file = "noise-1.2.2-py2.7-win-amd64.egg", hash = "sha256:fae41762d6b7a0a1e360ec4cb03260b6abcc302b2244a3feefdfbf52ffd612c9"},
    {file = "noise-1.2.2-py2.7-win32.egg", hash = "sha256:0d3c51b538dfbbea85cbcf9fc4418ae5210136f5e39948968392a6d4f3cd39b0"},
    {file = "noise-1.2.2-py3.3-win-amd64.egg", hash = "sha256:0191e19e77be1018f5548e75125de1c6aec11a75a8693bb5f8f8106b63561ed8"},
    {file = "noise-1.2.2-py3.3-win32.egg", hash = "sha256:a15336cea59c74f1b3b2bf03b76600a3d59b0e557da1219176b9ca216dca8a91"},
    {file = "noise-1.2.2-py3.4-win-amd64.egg", hash = "sha256:a476b2b62efa56b777c5a04566930aa47cfda43eda0e744a39b55056e763064f"},
    {file = "noise-1.2.2-py3.4-win32.egg", hash = "sha256:001782e0b67c260e734e48a409641707f502ee4cd186a74e6bda881fb3c44427"},
    {file = "noise-1.2.2.tar.gz", hash = "sha256:57a2797436574391ff63a111e852e53a4164ecd81ad23639641743cd1a209b65"},
    {file = "noise-1.2.2.zip", hash = "sha256:36036cdaca131ddd2ab4397fba649af7f074ec08031e1e0a51031d0ae23b509a"},
]
pydub = [
    {file = "pydub-0.25.1-py2.py3-none-any.whl", hash = "sha256:65617e33033874b59d87db603aa1ed450633288aefead953b30bded59cb599a6"},
    {file = "pydub-0.25.1.tar.gz", hash = "sha256:980a33ce9949cab2a569606b65674d748ecbca4f0796887fd6f46173a7b0d30f"},
]
